
Microsoft Visual Studio Solution File, Format Version 12.00
# Visual Studio Version 17
VisualStudioVersion = 17.8.34330.188
MinimumVisualStudioVersion = 10.0.40219.1
Project("{FAE04EC0-301F-11D3-BF4B-00C04F79EFBC}") = "Dědičnost", "Dědičnost.csproj", "{AFD37858-3D78-4D8D-9039-7A251D4C4CD5}"
EndProject
Global
	GlobalSection(SolutionConfigurationPlatforms) = preSolution
		Debug|Any CPU = Debug|Any CPU
		Release|Any CPU = Release|Any CPU
	EndGlobalSection
	GlobalSection(ProjectConfigurationPlatforms) = postSolution
		{AFD37858-3D78-4D8D-9039-7A251D4C4CD5}.Debug|Any CPU.ActiveCfg = Debug|Any CPU
		{AFD37858-3D78-4D8D-9039-7A251D4C4CD5}.Debug|Any CPU.Build.0 = Debug|Any CPU
		{AFD37858-3D78-4D8D-9039-7A251D4C4CD5}.Release|Any CPU.ActiveCfg = Release|Any CPU
		{AFD37858-3D78-4D8D-9039-7A251D4C4CD5}.Release|Any CPU.Build.0 = Release|Any CPU
	EndGlobalSection
	GlobalSection(SolutionProperties) = preSolution
		HideSolutionNode = FALSE
	EndGlobalSection
	GlobalSection(ExtensibilityGlobals) = postSolution
		SolutionGuid = {9F6D25FF-2BD9-4107-89EC-B59C13706AE3}
	EndGlobalSection
EndGlobal
